
Microsoft Visual Studio Solution File, Format Version 12.00
# Visual Studio Version 16
VisualStudioVersion = 16.0.33214.272
MinimumVisualStudioVersion = 10.0.40219.1
Project("{FAE04EC0-301F-11D3-BF4B-00C04F79EFBC}") = "AbstractClassesandMethods", "AbstractClassesandMethods.csproj", "{1370D199-393A-4D45-976B-E2B7B591A707}"
EndProject
Global
	GlobalSection(SolutionConfigurationPlatforms) = preSolution
		Debug|Any CPU = Debug|Any CPU
		Release|Any CPU = Release|Any CPU
	EndGlobalSection
	GlobalSection(ProjectConfigurationPlatforms) = postSolution
		{1370D199-393A-4D45-976B-E2B7B591A707}.Debug|Any CPU.ActiveCfg = Debug|Any CPU
		{1370D199-393A-4D45-976B-E2B7B591A707}.Debug|Any CPU.Build.0 = Debug|Any CPU
		{1370D199-393A-4D45-976B-E2B7B591A707}.Release|Any CPU.ActiveCfg = Release|Any CPU
		{1370D199-393A-4D45-976B-E2B7B591A707}.Release|Any CPU.Build.0 = Release|Any CPU
	EndGlobalSection
	GlobalSection(SolutionProperties) = preSolution
		HideSolutionNode = FALSE
	EndGlobalSection
	GlobalSection(ExtensibilityGlobals) = postSolution
		SolutionGuid = {896B66B5-3FC5-4F3B-B731-E30BF073CF1C}
	EndGlobalSection
EndGlobal
