
Microsoft Visual Studio Solution File, Format Version 12.00
# Visual Studio Version 16
VisualStudioVersion = 16.0.33214.272
MinimumVisualStudioVersion = 10.0.40219.1
Project("{FAE04EC0-301F-11D3-BF4B-00C04F79EFBC}") = "Generics", "Generics.csproj", "{610A3BFB-BE78-498C-969C-2CAC91BE5F4E}"
EndProject
Global
	GlobalSection(SolutionConfigurationPlatforms) = preSolution
		Debug|Any CPU = Debug|Any CPU
		Release|Any CPU = Release|Any CPU
	EndGlobalSection
	GlobalSection(ProjectConfigurationPlatforms) = postSolution
		{610A3BFB-BE78-498C-969C-2CAC91BE5F4E}.Debug|Any CPU.ActiveCfg = Debug|Any CPU
		{610A3BFB-BE78-498C-969C-2CAC91BE5F4E}.Debug|Any CPU.Build.0 = Debug|Any CPU
		{610A3BFB-BE78-498C-969C-2CAC91BE5F4E}.Release|Any CPU.ActiveCfg = Release|Any CPU
		{610A3BFB-BE78-498C-969C-2CAC91BE5F4E}.Release|Any CPU.Build.0 = Release|Any CPU
	EndGlobalSection
	GlobalSection(SolutionProperties) = preSolution
		HideSolutionNode = FALSE
	EndGlobalSection
	GlobalSection(ExtensibilityGlobals) = postSolution
		SolutionGuid = {02C7174D-9C69-421F-8B8A-43549711A096}
	EndGlobalSection
EndGlobal
