
Microsoft Visual Studio Solution File, Format Version 12.00
# Visual Studio Version 16
VisualStudioVersion = 16.0.33214.272
MinimumVisualStudioVersion = 10.0.40219.1
Project("{FAE04EC0-301F-11D3-BF4B-00C04F79EFBC}") = "Dictionary", "Dictionary.csproj", "{EA813C7B-4B98-4DF4-B537-72FED1BD1E54}"
EndProject
Project("{FAE04EC0-301F-11D3-BF4B-00C04F79EFBC}") = "HowtoSortDictionarypassingToAList", "..\HowtoSortDictionarypassingToAList\HowtoSortDictionarypassingToAList.csproj", "{77856CAD-97F0-42C7-8430-C655A3C0180A}"
EndProject
Global
	GlobalSection(SolutionConfigurationPlatforms) = preSolution
		Debug|Any CPU = Debug|Any CPU
		Release|Any CPU = Release|Any CPU
	EndGlobalSection
	GlobalSection(ProjectConfigurationPlatforms) = postSolution
		{EA813C7B-4B98-4DF4-B537-72FED1BD1E54}.Debug|Any CPU.ActiveCfg = Debug|Any CPU
		{EA813C7B-4B98-4DF4-B537-72FED1BD1E54}.Debug|Any CPU.Build.0 = Debug|Any CPU
		{EA813C7B-4B98-4DF4-B537-72FED1BD1E54}.Release|Any CPU.ActiveCfg = Release|Any CPU
		{EA813C7B-4B98-4DF4-B537-72FED1BD1E54}.Release|Any CPU.Build.0 = Release|Any CPU
		{77856CAD-97F0-42C7-8430-C655A3C0180A}.Debug|Any CPU.ActiveCfg = Debug|Any CPU
		{77856CAD-97F0-42C7-8430-C655A3C0180A}.Debug|Any CPU.Build.0 = Debug|Any CPU
		{77856CAD-97F0-42C7-8430-C655A3C0180A}.Release|Any CPU.ActiveCfg = Release|Any CPU
		{77856CAD-97F0-42C7-8430-C655A3C0180A}.Release|Any CPU.Build.0 = Release|Any CPU
	EndGlobalSection
	GlobalSection(SolutionProperties) = preSolution
		HideSolutionNode = FALSE
	EndGlobalSection
	GlobalSection(ExtensibilityGlobals) = postSolution
		SolutionGuid = {12093CF8-A231-494B-94E1-377C7CCB527A}
	EndGlobalSection
EndGlobal
